
Microsoft Visual Studio Solution File, Format Version 12.00
# Visual Studio Version 17
VisualStudioVersion = 17.5.33627.172
MinimumVisualStudioVersion = 10.0.40219.1
Project("{FAE04EC0-301F-11D3-BF4B-00C04F79EFBC}") = "TestWebAPI", "TestWebAPI\TestWebAPI.csproj", "{7FD48606-DB61-4205-8548-5EC2EA8B1C1A}"
EndProject
Project("{FAE04EC0-301F-11D3-BF4B-00C04F79EFBC}") = "Negocio", "Negocio\Negocio.csproj", "{BBE06846-F6A7-4E61-9D9D-496172119F54}"
EndProject
Global
	GlobalSection(SolutionConfigurationPlatforms) = preSolution
		Debug|Any CPU = Debug|Any CPU
		Release|Any CPU = Release|Any CPU
	EndGlobalSection
	GlobalSection(ProjectConfigurationPlatforms) = postSolution
		{7FD48606-DB61-4205-8548-5EC2EA8B1C1A}.Debug|Any CPU.ActiveCfg = Debug|Any CPU
		{7FD48606-DB61-4205-8548-5EC2EA8B1C1A}.Debug|Any CPU.Build.0 = Debug|Any CPU
		{7FD48606-DB61-4205-8548-5EC2EA8B1C1A}.Release|Any CPU.ActiveCfg = Release|Any CPU
		{7FD48606-DB61-4205-8548-5EC2EA8B1C1A}.Release|Any CPU.Build.0 = Release|Any CPU
		{BBE06846-F6A7-4E61-9D9D-496172119F54}.Debug|Any CPU.ActiveCfg = Debug|Any CPU
		{BBE06846-F6A7-4E61-9D9D-496172119F54}.Debug|Any CPU.Build.0 = Debug|Any CPU
		{BBE06846-F6A7-4E61-9D9D-496172119F54}.Release|Any CPU.ActiveCfg = Release|Any CPU
		{BBE06846-F6A7-4E61-9D9D-496172119F54}.Release|Any CPU.Build.0 = Release|Any CPU
	EndGlobalSection
	GlobalSection(SolutionProperties) = preSolution
		HideSolutionNode = FALSE
	EndGlobalSection
	GlobalSection(ExtensibilityGlobals) = postSolution
		SolutionGuid = {8752636F-258A-4137-9E58-DB36FB518334}
	EndGlobalSection
EndGlobal
